
Microsoft Visual Studio Solution File, Format Version 12.00
# Visual Studio Version 17
VisualStudioVersion = 17.9.34607.119
MinimumVisualStudioVersion = 10.0.40219.1
Project("{FAE04EC0-301F-11D3-BF4B-00C04F79EFBC}") = "anyway", "anyway.csproj", "{B7FF2753-DE75-476B-AB84-EF0D6A3C5F64}"
EndProject
Global
	GlobalSection(SolutionConfigurationPlatforms) = preSolution
		Debug|Any CPU = Debug|Any CPU
		Release|Any CPU = Release|Any CPU
	EndGlobalSection
	GlobalSection(ProjectConfigurationPlatforms) = postSolution
		{B7FF2753-DE75-476B-AB84-EF0D6A3C5F64}.Debug|Any CPU.ActiveCfg = Debug|Any CPU
		{B7FF2753-DE75-476B-AB84-EF0D6A3C5F64}.Debug|Any CPU.Build.0 = Debug|Any CPU
		{B7FF2753-DE75-476B-AB84-EF0D6A3C5F64}.Release|Any CPU.ActiveCfg = Release|Any CPU
		{B7FF2753-DE75-476B-AB84-EF0D6A3C5F64}.Release|Any CPU.Build.0 = Release|Any CPU
	EndGlobalSection
	GlobalSection(SolutionProperties) = preSolution
		HideSolutionNode = FALSE
	EndGlobalSection
	GlobalSection(ExtensibilityGlobals) = postSolution
		SolutionGuid = {72116EA0-2B77-4A3B-8E4F-BB166391B573}
	EndGlobalSection
EndGlobal
